
Microsoft Visual Studio Solution File, Format Version 12.00
# Visual Studio Version 17
VisualStudioVersion = 17.5.33424.131
MinimumVisualStudioVersion = 10.0.40219.1
Project("{FAE04EC0-301F-11D3-BF4B-00C04F79EFBC}") = "Catalogo_Clientes", "Catalogo_Clientes\Catalogo_Clientes.csproj", "{52DF296F-EF69-4827-8FD7-90AE32E96573}"
EndProject
Global
	GlobalSection(SolutionConfigurationPlatforms) = preSolution
		Debug|Any CPU = Debug|Any CPU
		Release|Any CPU = Release|Any CPU
	EndGlobalSection
	GlobalSection(ProjectConfigurationPlatforms) = postSolution
		{52DF296F-EF69-4827-8FD7-90AE32E96573}.Debug|Any CPU.ActiveCfg = Debug|Any CPU
		{52DF296F-EF69-4827-8FD7-90AE32E96573}.Debug|Any CPU.Build.0 = Debug|Any CPU
		{52DF296F-EF69-4827-8FD7-90AE32E96573}.Release|Any CPU.ActiveCfg = Release|Any CPU
		{52DF296F-EF69-4827-8FD7-90AE32E96573}.Release|Any CPU.Build.0 = Release|Any CPU
	EndGlobalSection
	GlobalSection(SolutionProperties) = preSolution
		HideSolutionNode = FALSE
	EndGlobalSection
	GlobalSection(ExtensibilityGlobals) = postSolution
		SolutionGuid = {6208EB87-7604-455F-8CC8-5986CC1C9D36}
	EndGlobalSection
EndGlobal
